// !$*UTF8*$!
{
	archiveVersion = 1;
	classes = {
	};
	objectVersion = 52;
	objects = {

/* Begin PBXBuildFile section */
		041A21FB2751CC4E00A570D5 /* main.swift in Sources */ = {isa = PBXBuildFile; fileRef = 041A21FA2751CC4E00A570D5 /* main.swift */; };
		041A22022751CF0B00A570D5 /* DailyPuzzle.swift in Sources */ = {isa = PBXBuildFile; fileRef = 041A22012751CF0B00A570D5 /* DailyPuzzle.swift */; };
		041A22062751D66A00A570D5 /* Day1.swift in Sources */ = {isa = PBXBuildFile; fileRef = 041A22052751D66A00A570D5 /* Day1.swift */; };
		041A22082756F0D200A570D5 /* Day2.swift in Sources */ = {isa = PBXBuildFile; fileRef = 041A22072756F0D200A570D5 /* Day2.swift */; };
		041A220A2756F17A00A570D5 /* DayExample.swift in Sources */ = {isa = PBXBuildFile; fileRef = 041A22092756F17A00A570D5 /* DayExample.swift */; };
		0459468F275E489700A0A65F /* Sequence+countWhere.swift in Sources */ = {isa = PBXBuildFile; fileRef = 0459468E275E489700A0A65F /* Sequence+countWhere.swift */; };
		04594691275E59AF00A0A65F /* Pair.swift in Sources */ = {isa = PBXBuildFile; fileRef = 04594690275E59AF00A0A65F /* Pair.swift */; };
		045F931A293E758F00F2F3A4 /* Grid.swift in Sources */ = {isa = PBXBuildFile; fileRef = 045F9319293E758F00F2F3A4 /* Grid.swift */; };
		047DBC282757EA1A003043DA /* Day21.swift in Sources */ = {isa = PBXBuildFile; fileRef = 047DBC112757EA1A003043DA /* Day21.swift */; };
		047DBC292757EA1A003043DA /* Day7.swift in Sources */ = {isa = PBXBuildFile; fileRef = 047DBC122757EA1A003043DA /* Day7.swift */; };
		047DBC2A2757EA1A003043DA /* Day17.swift in Sources */ = {isa = PBXBuildFile; fileRef = 047DBC132757EA1A003043DA /* Day17.swift */; };
		047DBC2B2757EA1A003043DA /* Day4.swift in Sources */ = {isa = PBXBuildFile; fileRef = 047DBC142757EA1A003043DA /* Day4.swift */; };
		047DBC2C2757EA1A003043DA /* Day9.swift in Sources */ = {isa = PBXBuildFile; fileRef = 047DBC152757EA1A003043DA /* Day9.swift */; };
		047DBC2D2757EA1A003043DA /* Day3.swift in Sources */ = {isa = PBXBuildFile; fileRef = 047DBC162757EA1A003043DA /* Day3.swift */; };
		047DBC2E2757EA1A003043DA /* Day22.swift in Sources */ = {isa = PBXBuildFile; fileRef = 047DBC172757EA1A003043DA /* Day22.swift */; };
		047DBC2F2757EA1A003043DA /* Day11.swift in Sources */ = {isa = PBXBuildFile; fileRef = 047DBC182757EA1A003043DA /* Day11.swift */; };
		047DBC302757EA1A003043DA /* Day13.swift in Sources */ = {isa = PBXBuildFile; fileRef = 047DBC192757EA1A003043DA /* Day13.swift */; };
		047DBC312757EA1A003043DA /* Day25.swift in Sources */ = {isa = PBXBuildFile; fileRef = 047DBC1A2757EA1A003043DA /* Day25.swift */; };
		047DBC322757EA1A003043DA /* Day24.swift in Sources */ = {isa = PBXBuildFile; fileRef = 047DBC1B2757EA1A003043DA /* Day24.swift */; };
		047DBC332757EA1A003043DA /* Day14.swift in Sources */ = {isa = PBXBuildFile; fileRef = 047DBC1C2757EA1A003043DA /* Day14.swift */; };
		047DBC342757EA1A003043DA /* Day20.swift in Sources */ = {isa = PBXBuildFile; fileRef = 047DBC1D2757EA1A003043DA /* Day20.swift */; };
		047DBC352757EA1A003043DA /* Day23.swift in Sources */ = {isa = PBXBuildFile; fileRef = 047DBC1E2757EA1A003043DA /* Day23.swift */; };
		047DBC362757EA1A003043DA /* Day5.swift in Sources */ = {isa = PBXBuildFile; fileRef = 047DBC1F2757EA1A003043DA /* Day5.swift */; };
		047DBC372757EA1A003043DA /* Day15.swift in Sources */ = {isa = PBXBuildFile; fileRef = 047DBC202757EA1A003043DA /* Day15.swift */; };
		047DBC382757EA1A003043DA /* Day8.swift in Sources */ = {isa = PBXBuildFile; fileRef = 047DBC212757EA1A003043DA /* Day8.swift */; };
		047DBC392757EA1A003043DA /* Day16.swift in Sources */ = {isa = PBXBuildFile; fileRef = 047DBC222757EA1A003043DA /* Day16.swift */; };
		047DBC3A2757EA1A003043DA /* Day10.swift in Sources */ = {isa = PBXBuildFile; fileRef = 047DBC232757EA1A003043DA /* Day10.swift */; };
		047DBC3B2757EA1A003043DA /* Day18.swift in Sources */ = {isa = PBXBuildFile; fileRef = 047DBC242757EA1A003043DA /* Day18.swift */; };
		047DBC3C2757EA1A003043DA /* Day6.swift in Sources */ = {isa = PBXBuildFile; fileRef = 047DBC252757EA1A003043DA /* Day6.swift */; };
		047DBC3D2757EA1A003043DA /* Day12.swift in Sources */ = {isa = PBXBuildFile; fileRef = 047DBC262757EA1A003043DA /* Day12.swift */; };
		047DBC3E2757EA1A003043DA /* Day19.swift in Sources */ = {isa = PBXBuildFile; fileRef = 047DBC272757EA1A003043DA /* Day19.swift */; };
		047DBC412757EBFD003043DA /* Algorithms in Frameworks */ = {isa = PBXBuildFile; productRef = 047DBC402757EBFD003043DA /* Algorithms */; };
		04A64A6A2757B33400B78568 /* DailySolver.swift in Sources */ = {isa = PBXBuildFile; fileRef = 04A64A692757B33400B78568 /* DailySolver.swift */; };
		04CA6FF42763778A006EF188 /* Stack.swift in Sources */ = {isa = PBXBuildFile; fileRef = 04CA6FF32763778A006EF188 /* Stack.swift */; };
/* End PBXBuildFile section */

/* Begin PBXCopyFilesBuildPhase section */
		041A21F52751CC4E00A570D5 /* CopyFiles */ = {
			isa = PBXCopyFilesBuildPhase;
			buildActionMask = 2147483647;
			dstPath = /usr/share/man/man1/;
			dstSubfolderSpec = 0;
			files = (
			);
			runOnlyForDeploymentPostprocessing = 1;
		};
/* End PBXCopyFilesBuildPhase section */

/* Begin PBXFileReference section */
		041A21F72751CC4E00A570D5 /* AoC2022 */ = {isa = PBXFileReference; explicitFileType = "compiled.mach-o.executable"; includeInIndex = 0; path = AoC2022; sourceTree = BUILT_PRODUCTS_DIR; };
		041A21FA2751CC4E00A570D5 /* main.swift */ = {isa = PBXFileReference; lastKnownFileType = sourcecode.swift; path = main.swift; sourceTree = "<group>"; };
		041A22012751CF0B00A570D5 /* DailyPuzzle.swift */ = {isa = PBXFileReference; lastKnownFileType = sourcecode.swift; path = DailyPuzzle.swift; sourceTree = "<group>"; };
		041A22052751D66A00A570D5 /* Day1.swift */ = {isa = PBXFileReference; lastKnownFileType = sourcecode.swift; path = Day1.swift; sourceTree = "<group>"; };
		041A22072756F0D200A570D5 /* Day2.swift */ = {isa = PBXFileReference; lastKnownFileType = sourcecode.swift; path = Day2.swift; sourceTree = "<group>"; };
		041A22092756F17A00A570D5 /* DayExample.swift */ = {isa = PBXFileReference; lastKnownFileType = sourcecode.swift; path = DayExample.swift; sourceTree = "<group>"; };
		0459468E275E489700A0A65F /* Sequence+countWhere.swift */ = {isa = PBXFileReference; lastKnownFileType = sourcecode.swift; path = "Sequence+countWhere.swift"; sourceTree = "<group>"; };
		04594690275E59AF00A0A65F /* Pair.swift */ = {isa = PBXFileReference; lastKnownFileType = sourcecode.swift; path = Pair.swift; sourceTree = "<group>"; };
		045F9319293E758F00F2F3A4 /* Grid.swift */ = {isa = PBXFileReference; lastKnownFileType = sourcecode.swift; path = Grid.swift; sourceTree = "<group>"; };
		047DBC112757EA1A003043DA /* Day21.swift */ = {isa = PBXFileReference; fileEncoding = 4; lastKnownFileType = sourcecode.swift; path = Day21.swift; sourceTree = "<group>"; };
		047DBC122757EA1A003043DA /* Day7.swift */ = {isa = PBXFileReference; fileEncoding = 4; lastKnownFileType = sourcecode.swift; path = Day7.swift; sourceTree = "<group>"; };
		047DBC132757EA1A003043DA /* Day17.swift */ = {isa = PBXFileReference; fileEncoding = 4; lastKnownFileType = sourcecode.swift; path = Day17.swift; sourceTree = "<group>"; };
		047DBC142757EA1A003043DA /* Day4.swift */ = {isa = PBXFileReference; fileEncoding = 4; lastKnownFileType = sourcecode.swift; path = Day4.swift; sourceTree = "<group>"; };
		047DBC152757EA1A003043DA /* Day9.swift */ = {isa = PBXFileReference; fileEncoding = 4; lastKnownFileType = sourcecode.swift; path = Day9.swift; sourceTree = "<group>"; };
		047DBC162757EA1A003043DA /* Day3.swift */ = {isa = PBXFileReference; fileEncoding = 4; lastKnownFileType = sourcecode.swift; path = Day3.swift; sourceTree = "<group>"; };
		047DBC172757EA1A003043DA /* Day22.swift */ = {isa = PBXFileReference; fileEncoding = 4; lastKnownFileType = sourcecode.swift; path = Day22.swift; sourceTree = "<group>"; };
		047DBC182757EA1A003043DA /* Day11.swift */ = {isa = PBXFileReference; fileEncoding = 4; lastKnownFileType = sourcecode.swift; path = Day11.swift; sourceTree = "<group>"; };
		047DBC192757EA1A003043DA /* Day13.swift */ = {isa = PBXFileReference; fileEncoding = 4; lastKnownFileType = sourcecode.swift; path = Day13.swift; sourceTree = "<group>"; };
		047DBC1A2757EA1A003043DA /* Day25.swift */ = {isa = PBXFileReference; fileEncoding = 4; lastKnownFileType = sourcecode.swift; path = Day25.swift; sourceTree = "<group>"; };
		047DBC1B2757EA1A003043DA /* Day24.swift */ = {isa = PBXFileReference; fileEncoding = 4; lastKnownFileType = sourcecode.swift; path = Day24.swift; sourceTree = "<group>"; };
		047DBC1C2757EA1A003043DA /* Day14.swift */ = {isa = PBXFileReference; fileEncoding = 4; lastKnownFileType = sourcecode.swift; path = Day14.swift; sourceTree = "<group>"; };
		047DBC1D2757EA1A003043DA /* Day20.swift */ = {isa = PBXFileReference; fileEncoding = 4; lastKnownFileType = sourcecode.swift; path = Day20.swift; sourceTree = "<group>"; };
		047DBC1E2757EA1A003043DA /* Day23.swift */ = {isa = PBXFileReference; fileEncoding = 4; lastKnownFileType = sourcecode.swift; path = Day23.swift; sourceTree = "<group>"; };
		047DBC1F2757EA1A003043DA /* Day5.swift */ = {isa = PBXFileReference; fileEncoding = 4; lastKnownFileType = sourcecode.swift; path = Day5.swift; sourceTree = "<group>"; };
		047DBC202757EA1A003043DA /* Day15.swift */ = {isa = PBXFileReference; fileEncoding = 4; lastKnownFileType = sourcecode.swift; path = Day15.swift; sourceTree = "<group>"; };
		047DBC212757EA1A003043DA /* Day8.swift */ = {isa = PBXFileReference; fileEncoding = 4; lastKnownFileType = sourcecode.swift; path = Day8.swift; sourceTree = "<group>"; };
		047DBC222757EA1A003043DA /* Day16.swift */ = {isa = PBXFileReference; fileEncoding = 4; lastKnownFileType = sourcecode.swift; path = Day16.swift; sourceTree = "<group>"; };
		047DBC232757EA1A003043DA /* Day10.swift */ = {isa = PBXFileReference; fileEncoding = 4; lastKnownFileType = sourcecode.swift; path = Day10.swift; sourceTree = "<group>"; };
		047DBC242757EA1A003043DA /* Day18.swift */ = {isa = PBXFileReference; fileEncoding = 4; lastKnownFileType = sourcecode.swift; path = Day18.swift; sourceTree = "<group>"; };
		047DBC252757EA1A003043DA /* Day6.swift */ = {isa = PBXFileReference; fileEncoding = 4; lastKnownFileType = sourcecode.swift; path = Day6.swift; sourceTree = "<group>"; };
		047DBC262757EA1A003043DA /* Day12.swift */ = {isa = PBXFileReference; fileEncoding = 4; lastKnownFileType = sourcecode.swift; path = Day12.swift; sourceTree = "<group>"; };
		047DBC272757EA1A003043DA /* Day19.swift */ = {isa = PBXFileReference; fileEncoding = 4; lastKnownFileType = sourcecode.swift; path = Day19.swift; sourceTree = "<group>"; };
		04A64A692757B33400B78568 /* DailySolver.swift */ = {isa = PBXFileReference; lastKnownFileType = sourcecode.swift; path = DailySolver.swift; sourceTree = "<group>"; };
		04CA6FF32763778A006EF188 /* Stack.swift */ = {isa = PBXFileReference; lastKnownFileType = sourcecode.swift; path = Stack.swift; sourceTree = "<group>"; };
/* End PBXFileReference section */

/* Begin PBXFrameworksBuildPhase section */
		041A21F42751CC4E00A570D5 /* Frameworks */ = {
			isa = PBXFrameworksBuildPhase;
			buildActionMask = 2147483647;
			files = (
				047DBC412757EBFD003043DA /* Algorithms in Frameworks */,
			);
			runOnlyForDeploymentPostprocessing = 0;
		};
/* End PBXFrameworksBuildPhase section */

/* Begin PBXGroup section */
		041A21EE2751CC4E00A570D5 = {
			isa = PBXGroup;
			children = (
				041A21F92751CC4E00A570D5 /* Sources */,
				041A21F82751CC4E00A570D5 /* Products */,
			);
			sourceTree = "<group>";
		};
		041A21F82751CC4E00A570D5 /* Products */ = {
			isa = PBXGroup;
			children = (
				041A21F72751CC4E00A570D5 /* AoC2022 */,
			);
			name = Products;
			sourceTree = "<group>";
		};
		041A21F92751CC4E00A570D5 /* Sources */ = {
			isa = PBXGroup;
			children = (
				0459468D275E484C00A0A65F /* Helpers */,
				047DBC102757E8A7003043DA /* Days */,
				041A21FA2751CC4E00A570D5 /* main.swift */,
				041A22012751CF0B00A570D5 /* DailyPuzzle.swift */,
				04A64A692757B33400B78568 /* DailySolver.swift */,
			);
			path = Sources;
			sourceTree = "<group>";
		};
		0459468D275E484C00A0A65F /* Helpers */ = {
			isa = PBXGroup;
			children = (
				0459468E275E489700A0A65F /* Sequence+countWhere.swift */,
				04594690275E59AF00A0A65F /* Pair.swift */,
				04CA6FF32763778A006EF188 /* Stack.swift */,
				045F9319293E758F00F2F3A4 /* Grid.swift */,
			);
			path = Helpers;
			sourceTree = "<group>";
		};
		047DBC102757E8A7003043DA /* Days */ = {
			isa = PBXGroup;
			children = (
				041A22052751D66A00A570D5 /* Day1.swift */,
				041A22072756F0D200A570D5 /* Day2.swift */,
				047DBC162757EA1A003043DA /* Day3.swift */,
				047DBC142757EA1A003043DA /* Day4.swift */,
				047DBC1F2757EA1A003043DA /* Day5.swift */,
				047DBC252757EA1A003043DA /* Day6.swift */,
				047DBC122757EA1A003043DA /* Day7.swift */,
				047DBC212757EA1A003043DA /* Day8.swift */,
				047DBC152757EA1A003043DA /* Day9.swift */,
				047DBC232757EA1A003043DA /* Day10.swift */,
				047DBC182757EA1A003043DA /* Day11.swift */,
				047DBC262757EA1A003043DA /* Day12.swift */,
				047DBC192757EA1A003043DA /* Day13.swift */,
				047DBC1C2757EA1A003043DA /* Day14.swift */,
				047DBC202757EA1A003043DA /* Day15.swift */,
				047DBC222757EA1A003043DA /* Day16.swift */,
				047DBC132757EA1A003043DA /* Day17.swift */,
				047DBC242757EA1A003043DA /* Day18.swift */,
				047DBC272757EA1A003043DA /* Day19.swift */,
				047DBC1D2757EA1A003043DA /* Day20.swift */,
				047DBC112757EA1A003043DA /* Day21.swift */,
				047DBC172757EA1A003043DA /* Day22.swift */,
				047DBC1E2757EA1A003043DA /* Day23.swift */,
				047DBC1B2757EA1A003043DA /* Day24.swift */,
				047DBC1A2757EA1A003043DA /* Day25.swift */,
				041A22092756F17A00A570D5 /* DayExample.swift */,
			);
			path = Days;
			sourceTree = "<group>";
		};
/* End PBXGroup section */

/* Begin PBXNativeTarget section */
		041A21F62751CC4E00A570D5 /* AoC2022 */ = {
			isa = PBXNativeTarget;
			buildConfigurationList = 041A21FE2751CC4E00A570D5 /* Build configuration list for PBXNativeTarget "AoC2022" */;
			buildPhases = (
				041A21F32751CC4E00A570D5 /* Sources */,
				041A21F42751CC4E00A570D5 /* Frameworks */,
				041A21F52751CC4E00A570D5 /* CopyFiles */,
			);
			buildRules = (
			);
			dependencies = (
			);
			name = AoC2022;
			packageProductDependencies = (
				047DBC402757EBFD003043DA /* Algorithms */,
			);
			productName = AoC2021;
			productReference = 041A21F72751CC4E00A570D5 /* AoC2022 */;
			productType = "com.apple.product-type.tool";
		};
/* End PBXNativeTarget section */

/* Begin PBXProject section */
		041A21EF2751CC4E00A570D5 /* Project object */ = {
			isa = PBXProject;
			attributes = {
				LastSwiftUpdateCheck = 1250;
				LastUpgradeCheck = 1250;
				TargetAttributes = {
					041A21F62751CC4E00A570D5 = {
						CreatedOnToolsVersion = 12.5.1;
					};
				};
			};
			buildConfigurationList = 041A21F22751CC4E00A570D5 /* Build configuration list for PBXProject "AoC2022" */;
			compatibilityVersion = "Xcode 9.3";
			developmentRegion = en;
			hasScannedForEncodings = 0;
			knownRegions = (
				en,
				Base,
			);
			mainGroup = 041A21EE2751CC4E00A570D5;
			packageReferences = (
				047DBC3F2757EBFD003043DA /* XCRemoteSwiftPackageReference "swift-algorithms" */,
			);
			productRefGroup = 041A21F82751CC4E00A570D5 /* Products */;
			projectDirPath = "";
			projectRoot = "";
			targets = (
				041A21F62751CC4E00A570D5 /* AoC2022 */,
			);
		};
/* End PBXProject section */

/* Begin PBXSourcesBuildPhase section */
		041A21F32751CC4E00A570D5 /* Sources */ = {
			isa = PBXSourcesBuildPhase;
			buildActionMask = 2147483647;
			files = (
				04A64A6A2757B33400B78568 /* DailySolver.swift in Sources */,
				047DBC362757EA1A003043DA /* Day5.swift in Sources */,
				047DBC2B2757EA1A003043DA /* Day4.swift in Sources */,
				047DBC2A2757EA1A003043DA /* Day17.swift in Sources */,
				041A22062751D66A00A570D5 /* Day1.swift in Sources */,
				047DBC3A2757EA1A003043DA /* Day10.swift in Sources */,
				0459468F275E489700A0A65F /* Sequence+countWhere.swift in Sources */,
				047DBC292757EA1A003043DA /* Day7.swift in Sources */,
				047DBC2E2757EA1A003043DA /* Day22.swift in Sources */,
				047DBC2F2757EA1A003043DA /* Day11.swift in Sources */,
				047DBC282757EA1A003043DA /* Day21.swift in Sources */,
				047DBC302757EA1A003043DA /* Day13.swift in Sources */,
				047DBC3D2757EA1A003043DA /* Day12.swift in Sources */,
				047DBC342757EA1A003043DA /* Day20.swift in Sources */,
				047DBC3E2757EA1A003043DA /* Day19.swift in Sources */,
				04CA6FF42763778A006EF188 /* Stack.swift in Sources */,
				047DBC392757EA1A003043DA /* Day16.swift in Sources */,
				047DBC2C2757EA1A003043DA /* Day9.swift in Sources */,
				047DBC372757EA1A003043DA /* Day15.swift in Sources */,
				047DBC3B2757EA1A003043DA /* Day18.swift in Sources */,
				041A22082756F0D200A570D5 /* Day2.swift in Sources */,
				047DBC322757EA1A003043DA /* Day24.swift in Sources */,
				047DBC312757EA1A003043DA /* Day25.swift in Sources */,
				041A220A2756F17A00A570D5 /* DayExample.swift in Sources */,
				041A21FB2751CC4E00A570D5 /* main.swift in Sources */,
				047DBC382757EA1A003043DA /* Day8.swift in Sources */,
				045F931A293E758F00F2F3A4 /* Grid.swift in Sources */,
				047DBC2D2757EA1A003043DA /* Day3.swift in Sources */,
				047DBC352757EA1A003043DA /* Day23.swift in Sources */,
				041A22022751CF0B00A570D5 /* DailyPuzzle.swift in Sources */,
				047DBC3C2757EA1A003043DA /* Day6.swift in Sources */,
				04594691275E59AF00A0A65F /* Pair.swift in Sources */,
				047DBC332757EA1A003043DA /* Day14.swift in Sources */,
			);
			runOnlyForDeploymentPostprocessing = 0;
		};
/* End PBXSourcesBuildPhase section */

/* Begin XCBuildConfiguration section */
		041A21FC2751CC4E00A570D5 /* Debug */ = {
			isa = XCBuildConfiguration;
			buildSettings = {
				ALWAYS_SEARCH_USER_PATHS = NO;
				CLANG_ANALYZER_NONNULL = YES;
				CLANG_ANALYZER_NUMBER_OBJECT_CONVERSION = YES_AGGRESSIVE;
				CLANG_CXX_LANGUAGE_STANDARD = "gnu++14";
				CLANG_CXX_LIBRARY = "libc++";
				CLANG_ENABLE_MODULES = YES;
				CLANG_ENABLE_OBJC_ARC = YES;
				CLANG_ENABLE_OBJC_WEAK = YES;
				CLANG_WARN_BLOCK_CAPTURE_AUTORELEASING = YES;
				CLANG_WARN_BOOL_CONVERSION = YES;
				CLANG_WARN_COMMA = YES;
				CLANG_WARN_CONSTANT_CONVERSION = YES;
				CLANG_WARN_DEPRECATED_OBJC_IMPLEMENTATIONS = YES;
				CLANG_WARN_DIRECT_OBJC_ISA_USAGE = YES_ERROR;
				CLANG_WARN_DOCUMENTATION_COMMENTS = YES;
				CLANG_WARN_EMPTY_BODY = YES;
				CLANG_WARN_ENUM_CONVERSION = YES;
				CLANG_WARN_INFINITE_RECURSION = YES;
				CLANG_WARN_INT_CONVERSION = YES;
				CLANG_WARN_NON_LITERAL_NULL_CONVERSION = YES;
				CLANG_WARN_OBJC_IMPLICIT_RETAIN_SELF = YES;
				CLANG_WARN_OBJC_LITERAL_CONVERSION = YES;
				CLANG_WARN_OBJC_ROOT_CLASS = YES_ERROR;
				CLANG_WARN_QUOTED_INCLUDE_IN_FRAMEWORK_HEADER = YES;
				CLANG_WARN_RANGE_LOOP_ANALYSIS = YES;
				CLANG_WARN_STRICT_PROTOTYPES = YES;
				CLANG_WARN_SUSPICIOUS_MOVE = YES;
				CLANG_WARN_UNGUARDED_AVAILABILITY = YES_AGGRESSIVE;
				CLANG_WARN_UNREACHABLE_CODE = YES;
				CLANG_WARN__DUPLICATE_METHOD_MATCH = YES;
				COPY_PHASE_STRIP = NO;
				DEBUG_INFORMATION_FORMAT = dwarf;
				ENABLE_STRICT_OBJC_MSGSEND = YES;
				ENABLE_TESTABILITY = YES;
				GCC_C_LANGUAGE_STANDARD = gnu11;
				GCC_DYNAMIC_NO_PIC = NO;
				GCC_NO_COMMON_BLOCKS = YES;
				GCC_OPTIMIZATION_LEVEL = 0;
				GCC_PREPROCESSOR_DEFINITIONS = (
					"DEBUG=1",
					"$(inherited)",
				);
				GCC_WARN_64_TO_32_BIT_CONVERSION = YES;
				GCC_WARN_ABOUT_RETURN_TYPE = YES_ERROR;
				GCC_WARN_UNDECLARED_SELECTOR = YES;
				GCC_WARN_UNINITIALIZED_AUTOS = YES_AGGRESSIVE;
				GCC_WARN_UNUSED_FUNCTION = YES;
				GCC_WARN_UNUSED_VARIABLE = YES;
				MACOSX_DEPLOYMENT_TARGET = 11.3;
				MTL_ENABLE_DEBUG_INFO = INCLUDE_SOURCE;
				MTL_FAST_MATH = YES;
				ONLY_ACTIVE_ARCH = YES;
				SDKROOT = macosx;
				SWIFT_ACTIVE_COMPILATION_CONDITIONS = DEBUG;
				SWIFT_OPTIMIZATION_LEVEL = "-Onone";
			};
			name = Debug;
		};
		041A21FD2751CC4E00A570D5 /* Release */ = {
			isa = XCBuildConfiguration;
			buildSettings = {
				ALWAYS_SEARCH_USER_PATHS = NO;
				CLANG_ANALYZER_NONNULL = YES;
				CLANG_ANALYZER_NUMBER_OBJECT_CONVERSION = YES_AGGRESSIVE;
				CLANG_CXX_LANGUAGE_STANDARD = "gnu++14";
				CLANG_CXX_LIBRARY = "libc++";
				CLANG_ENABLE_MODULES = YES;
				CLANG_ENABLE_OBJC_ARC = YES;
				CLANG_ENABLE_OBJC_WEAK = YES;
				CLANG_WARN_BLOCK_CAPTURE_AUTORELEASING = YES;
				CLANG_WARN_BOOL_CONVERSION = YES;
				CLANG_WARN_COMMA = YES;
				CLANG_WARN_CONSTANT_CONVERSION = YES;
				CLANG_WARN_DEPRECATED_OBJC_IMPLEMENTATIONS = YES;
				CLANG_WARN_DIRECT_OBJC_ISA_USAGE = YES_ERROR;
				CLANG_WARN_DOCUMENTATION_COMMENTS = YES;
				CLANG_WARN_EMPTY_BODY = YES;
				CLANG_WARN_ENUM_CONVERSION = YES;
				CLANG_WARN_INFINITE_RECURSION = YES;
				CLANG_WARN_INT_CONVERSION = YES;
				CLANG_WARN_NON_LITERAL_NULL_CONVERSION = YES;
				CLANG_WARN_OBJC_IMPLICIT_RETAIN_SELF = YES;
				CLANG_WARN_OBJC_LITERAL_CONVERSION = YES;
				CLANG_WARN_OBJC_ROOT_CLASS = YES_ERROR;
				CLANG_WARN_QUOTED_INCLUDE_IN_FRAMEWORK_HEADER = YES;
				CLANG_WARN_RANGE_LOOP_ANALYSIS = YES;
				CLANG_WARN_STRICT_PROTOTYPES = YES;
				CLANG_WARN_SUSPICIOUS_MOVE = YES;
				CLANG_WARN_UNGUARDED_AVAILABILITY = YES_AGGRESSIVE;
				CLANG_WARN_UNREACHABLE_CODE = YES;
				CLANG_WARN__DUPLICATE_METHOD_MATCH = YES;
				COPY_PHASE_STRIP = NO;
				DEBUG_INFORMATION_FORMAT = "dwarf-with-dsym";
				ENABLE_NS_ASSERTIONS = NO;
				ENABLE_STRICT_OBJC_MSGSEND = YES;
				GCC_C_LANGUAGE_STANDARD = gnu11;
				GCC_NO_COMMON_BLOCKS = YES;
				GCC_WARN_64_TO_32_BIT_CONVERSION = YES;
				GCC_WARN_ABOUT_RETURN_TYPE = YES_ERROR;
				GCC_WARN_UNDECLARED_SELECTOR = YES;
				GCC_WARN_UNINITIALIZED_AUTOS = YES_AGGRESSIVE;
				GCC_WARN_UNUSED_FUNCTION = YES;
				GCC_WARN_UNUSED_VARIABLE = YES;
				MACOSX_DEPLOYMENT_TARGET = 11.3;
				MTL_ENABLE_DEBUG_INFO = NO;
				MTL_FAST_MATH = YES;
				SDKROOT = macosx;
				SWIFT_COMPILATION_MODE = wholemodule;
				SWIFT_OPTIMIZATION_LEVEL = "-O";
			};
			name = Release;
		};
		041A21FF2751CC4E00A570D5 /* Debug */ = {
			isa = XCBuildConfiguration;
			buildSettings = {
				CODE_SIGN_STYLE = Automatic;
				MACOSX_DEPLOYMENT_TARGET = 12.3;
				PRODUCT_NAME = "$(TARGET_NAME)";
				SWIFT_VERSION = 5.0;
			};
			name = Debug;
		};
		041A22002751CC4E00A570D5 /* Release */ = {
			isa = XCBuildConfiguration;
			buildSettings = {
				CODE_SIGN_STYLE = Automatic;
				MACOSX_DEPLOYMENT_TARGET = 12.3;
				PRODUCT_NAME = "$(TARGET_NAME)";
				SWIFT_VERSION = 5.0;
			};
			name = Release;
		};
/* End XCBuildConfiguration section */

/* Begin XCConfigurationList section */
		041A21F22751CC4E00A570D5 /* Build configuration list for PBXProject "AoC2022" */ = {
			isa = XCConfigurationList;
			buildConfigurations = (
				041A21FC2751CC4E00A570D5 /* Debug */,
				041A21FD2751CC4E00A570D5 /* Release */,
			);
			defaultConfigurationIsVisible = 0;
			defaultConfigurationName = Release;
		};
		041A21FE2751CC4E00A570D5 /* Build configuration list for PBXNativeTarget "AoC2022" */ = {
			isa = XCConfigurationList;
			buildConfigurations = (
				041A21FF2751CC4E00A570D5 /* Debug */,
				041A22002751CC4E00A570D5 /* Release */,
			);
			defaultConfigurationIsVisible = 0;
			defaultConfigurationName = Release;
		};
/* End XCConfigurationList section */

/* Begin XCRemoteSwiftPackageReference section */
		047DBC3F2757EBFD003043DA /* XCRemoteSwiftPackageReference "swift-algorithms" */ = {
			isa = XCRemoteSwiftPackageReference;
			repositoryURL = "https://github.com/apple/swift-algorithms";
			requirement = {
				kind = upToNextMajorVersion;
				minimumVersion = 1.0.0;
			};
		};
/* End XCRemoteSwiftPackageReference section */

/* Begin XCSwiftPackageProductDependency section */
		047DBC402757EBFD003043DA /* Algorithms */ = {
			isa = XCSwiftPackageProductDependency;
			package = 047DBC3F2757EBFD003043DA /* XCRemoteSwiftPackageReference "swift-algorithms" */;
			productName = Algorithms;
		};
/* End XCSwiftPackageProductDependency section */
	};
	rootObject = 041A21EF2751CC4E00A570D5 /* Project object */;
}
